
Microsoft Visual Studio Solution File, Format Version 12.00
# Visual Studio Version 17
VisualStudioVersion = 17.12.35707.178 d17.12
MinimumVisualStudioVersion = 10.0.40219.1
Project("{FAE04EC0-301F-11D3-BF4B-00C04F79EFBC}") = "Task1.Server", "Task1.Server\Task1.Server.csproj", "{D98771AE-7336-461B-9395-1EBE110E3E53}"
EndProject
Project("{54A90642-561A-4BB1-A94E-469ADEE60C69}") = "task1.client", "task1.client\task1.client.esproj", "{AACEC7F3-2D61-4E18-A8A0-11530FC44EA4}"
EndProject
Global
	GlobalSection(SolutionConfigurationPlatforms) = preSolution
		Debug|Any CPU = Debug|Any CPU
		Release|Any CPU = Release|Any CPU
	EndGlobalSection
	GlobalSection(ProjectConfigurationPlatforms) = postSolution
		{D98771AE-7336-461B-9395-1EBE110E3E53}.Debug|Any CPU.ActiveCfg = Debug|Any CPU
		{D98771AE-7336-461B-9395-1EBE110E3E53}.Debug|Any CPU.Build.0 = Debug|Any CPU
		{D98771AE-7336-461B-9395-1EBE110E3E53}.Release|Any CPU.ActiveCfg = Release|Any CPU
		{D98771AE-7336-461B-9395-1EBE110E3E53}.Release|Any CPU.Build.0 = Release|Any CPU
		{AACEC7F3-2D61-4E18-A8A0-11530FC44EA4}.Debug|Any CPU.ActiveCfg = Debug|Any CPU
		{AACEC7F3-2D61-4E18-A8A0-11530FC44EA4}.Debug|Any CPU.Build.0 = Debug|Any CPU
		{AACEC7F3-2D61-4E18-A8A0-11530FC44EA4}.Debug|Any CPU.Deploy.0 = Debug|Any CPU
		{AACEC7F3-2D61-4E18-A8A0-11530FC44EA4}.Release|Any CPU.ActiveCfg = Release|Any CPU
		{AACEC7F3-2D61-4E18-A8A0-11530FC44EA4}.Release|Any CPU.Build.0 = Release|Any CPU
		{AACEC7F3-2D61-4E18-A8A0-11530FC44EA4}.Release|Any CPU.Deploy.0 = Release|Any CPU
	EndGlobalSection
	GlobalSection(SolutionProperties) = preSolution
		HideSolutionNode = FALSE
	EndGlobalSection
EndGlobal
